Microsoft Visual Studio Solution File, Format Version 12.00
# Visual Studio Version 17
VisualStudioVersion = 17.5.2.0
MinimumVisualStudioVersion = 10.0.40219.1
Project("{FAE04EC0-301F-11D3-BF4B-00C04F79EFBC}") = "ClientDesk", "ClientDesk.csproj", "{2F090783-7300-D8DE-EC2F-7CF8A3C23911}"
EndProject
Global
	GlobalSection(SolutionConfigurationPlatforms) = preSolution
		Debug|Any CPU = Debug|Any CPU
		Release|Any CPU = Release|Any CPU
	EndGlobalSection
	GlobalSection(ProjectConfigurationPlatforms) = postSolution
		{2F090783-7300-D8DE-EC2F-7CF8A3C23911}.Debug|Any CPU.ActiveCfg = Debug|Any CPU
		{2F090783-7300-D8DE-EC2F-7CF8A3C23911}.Debug|Any CPU.Build.0 = Debug|Any CPU
		{2F090783-7300-D8DE-EC2F-7CF8A3C23911}.Release|Any CPU.ActiveCfg = Release|Any CPU
		{2F090783-7300-D8DE-EC2F-7CF8A3C23911}.Release|Any CPU.Build.0 = Release|Any CPU
	EndGlobalSection
	GlobalSection(SolutionProperties) = preSolution
		HideSolutionNode = FALSE
	EndGlobalSection
	GlobalSection(ExtensibilityGlobals) = postSolution
		SolutionGuid = {19D28432-C964-412B-B1D3-FF4C5AEF9F06}
	EndGlobalSection
EndGlobal
